
Microsoft Visual Studio Solution File, Format Version 12.00
# Visual Studio Version 17
VisualStudioVersion = 17.14.36408.4 d17.14
MinimumVisualStudioVersion = 10.0.40219.1
Project("{FAE04EC0-301F-11D3-BF4B-00C04F79EFBC}") = "WAPP_G12", "WAPP_G12\WAPP_G12.csproj", "{8B3C748F-6999-418F-9BB1-20FC401329D0}"
EndProject
Global
	GlobalSection(SolutionConfigurationPlatforms) = preSolution
		Debug|Any CPU = Debug|Any CPU
		Release|Any CPU = Release|Any CPU
	EndGlobalSection
	GlobalSection(ProjectConfigurationPlatforms) = postSolution
		{8B3C748F-6999-418F-9BB1-20FC401329D0}.Debug|Any CPU.ActiveCfg = Debug|Any CPU
		{8B3C748F-6999-418F-9BB1-20FC401329D0}.Debug|Any CPU.Build.0 = Debug|Any CPU
		{8B3C748F-6999-418F-9BB1-20FC401329D0}.Release|Any CPU.ActiveCfg = Release|Any CPU
		{8B3C748F-6999-418F-9BB1-20FC401329D0}.Release|Any CPU.Build.0 = Release|Any CPU
	EndGlobalSection
	GlobalSection(SolutionProperties) = preSolution
		HideSolutionNode = FALSE
	EndGlobalSection
	GlobalSection(ExtensibilityGlobals) = postSolution
		SolutionGuid = {CBD3261F-E940-4816-8733-9E3079DA2FCE}
	EndGlobalSection
EndGlobal
